<?xml version="1.0" encoding="utf-8"?>
<Project ToolsVersion="4.0" xmlns="http://schemas.microsoft.com/developer/msbuild/2003">
  <ItemGroup>
    <Filter Include="Source Files">
      <UniqueIdentifier>{4FC737F1-C7A5-4376-A066-2A32D752A2FF}</UniqueIdentifier>
      <Extensions>cpp;c;cc;cxx;def;odl;idl;hpj;bat;asm;asmx</Extensions>
    </Filter>
    <Filter Include="Header Files">
      <UniqueIdentifier>{93995380-89BD-4b04-88EB-625FBE52EBFB}</UniqueIdentifier>
      <Extensions>h;hh;hpp;hxx;hm;inl;inc;xsd</Extensions>
    </Filter>
    <Filter Include="Resource Files">
      <UniqueIdentifier>{67DA6AB6-F800-4c08-8B7A-83BB121AAD01}</UniqueIdentifier>
      <Extensions>rc;ico;cur;bmp;dlg;rc2;rct;bin;rgs;gif;jpg;jpeg;jpe;resx;tiff;tif;png;wav</Extensions>
    </Filter>
    <Filter Include="Ziria Header Files">
      <UniqueIdentifier>{3ee7a1c0-8c1b-4ee8-b462-fbcf0b475eeb}</UniqueIdentifier>
    </Filter>
    <Filter Include="Ziria Source Files">
      <UniqueIdentifier>{86304d30-9b5f-47e2-8fcd-fbeeafd717ad}</UniqueIdentifier>
    </Filter>
  </ItemGroup>
  <ItemGroup>
    <ClCompile Include="..\driver.c">
      <Filter>Source Files</Filter>
    </ClCompile>
    <ClCompile Include="..\..\bit.c">
      <Filter>Ziria Source Files</Filter>
    </ClCompile>
    <ClCompile Include="..\..\buf_bit.c">
      <Filter>Ziria Source Files</Filter>
    </ClCompile>
    <ClCompile Include="..\..\buf_bytes.c">
      <Filter>Ziria Source Files</Filter>
    </ClCompile>
    <ClCompile Include="..\..\buf_numerics8.c">
      <Filter>Ziria Source Files</Filter>
    </ClCompile>
    <ClCompile Include="..\..\buf_numerics16.c">
      <Filter>Ziria Source Files</Filter>
    </ClCompile>
    <ClCompile Include="..\..\buf_numerics32.c">
      <Filter>Ziria Source Files</Filter>
    </ClCompile>
    <ClCompile Include="..\..\ext_arr.c">
      <Filter>Ziria Source Files</Filter>
    </ClCompile>
    <ClCompile Include="..\..\ext_math.c">
      <Filter>Ziria Source Files</Filter>
    </ClCompile>
    <ClCompile Include="..\..\numerics.c">
      <Filter>Ziria Source Files</Filter>
    </ClCompile>
    <ClCompile Include="..\rx.c">
      <Filter>Ziria Source Files</Filter>
    </ClCompile>
    <ClCompile Include="..\..\sora_ext_lib.c">
      <Filter>Ziria Source Files</Filter>
    </ClCompile>
    <ClCompile Include="..\..\sora_ext_visual.c">
      <Filter>Ziria Source Files</Filter>
    </ClCompile>
    <ClCompile Include="..\..\sora_ext_viterbi.c">
      <Filter>Ziria Source Files</Filter>
    </ClCompile>
    <ClCompile Include="..\..\sora_ip.c">
      <Filter>Ziria Source Files</Filter>
    </ClCompile>
    <ClCompile Include="..\..\sora_radio.c">
      <Filter>Ziria Source Files</Filter>
    </ClCompile>
    <ClCompile Include="..\..\sora_thread_queues.c">
      <Filter>Ziria Source Files</Filter>
    </ClCompile>
    <ClCompile Include="..\..\sora_threads.c">
      <Filter>Ziria Source Files</Filter>
    </ClCompile>
    <ClCompile Include="..\tx.c">
      <Filter>Ziria Source Files</Filter>
    </ClCompile>
    <ClCompile Include="..\..\utils.c">
      <Filter>Ziria Source Files</Filter>
    </ClCompile>
    <ClCompile Include="..\..\wpl_alloc.c">
      <Filter>Ziria Source Files</Filter>
    </ClCompile>
    <ClCompile Include="..\params.c">
      <Filter>Source Files</Filter>
    </ClCompile>
  </ItemGroup>
  <ItemGroup>
    <ClInclude Include="..\..\bit.h">
      <Filter>Ziria Header Files</Filter>
    </ClInclude>
    <ClInclude Include="..\..\buf.h">
      <Filter>Ziria Header Files</Filter>
    </ClInclude>
    <ClInclude Include="..\..\ext_arr.h">
      <Filter>Ziria Header Files</Filter>
    </ClInclude>
    <ClInclude Include="..\..\ext_math.h">
      <Filter>Ziria Header Files</Filter>
    </ClInclude>
    <ClInclude Include="..\..\numerics.h">
      <Filter>Ziria Header Files</Filter>
    </ClInclude>
    <ClInclude Include="..\..\sora_ext_bricks.h">
      <Filter>Ziria Header Files</Filter>
    </ClInclude>
    <ClInclude Include="..\..\sora_ext_visual.h">
      <Filter>Ziria Header Files</Filter>
    </ClInclude>
    <ClInclude Include="..\..\sora_ip.h">
      <Filter>Ziria Header Files</Filter>
    </ClInclude>
    <ClInclude Include="..\..\sora_radio.h">
      <Filter>Ziria Header Files</Filter>
    </ClInclude>
    <ClInclude Include="..\..\sora_thread_queues.h">
      <Filter>Ziria Header Files</Filter>
    </ClInclude>
    <ClInclude Include="..\..\sora_threads.h">
      <Filter>Ziria Header Files</Filter>
    </ClInclude>
    <ClInclude Include="..\..\types.h">
      <Filter>Ziria Header Files</Filter>
    </ClInclude>
    <ClInclude Include="..\..\utils.h">
      <Filter>Ziria Header Files</Filter>
    </ClInclude>
    <ClInclude Include="..\..\wpl_alloc.h">
      <Filter>Ziria Header Files</Filter>
    </ClInclude>
    <ClInclude Include="..\..\params.h">
      <Filter>Ziria Header Files</Filter>
    </ClInclude>
  </ItemGroup>
</Project>