
Microsoft Visual Studio Solution File, Format Version 12.00
# Visual Studio 2013
VisualStudioVersion = 12.0.21005.1
MinimumVisualStudioVersion = 10.0.40219.1
Project("{8BC9CEB8-8B4A-11D0-8D11-00A0C91BC942}") = "CompilerVS13", "CompilerVS13.vcxproj", "{E6970FC9-C671-448E-9CB8-3C7C376E06DF}"
EndProject
Project("{8BC9CEB8-8B4A-11D0-8D11-00A0C91BC942}") = "CompilerVS13-inline", "CompilerVS13-inline.vcxproj", "{9797E4C7-BE65-40F5-BAFD-911FBAB1273A}"
EndProject
Project("{2150E333-8FDC-42A3-9474-1A3956D46DE8}") = "Solution Items", "Solution Items", "{921BEF8B-68C8-413C-A08D-1520BAECD76D}"
EndProject
Project("{8BC9CEB8-8B4A-11D0-8D11-00A0C91BC942}") = "UnitTests", "UnitTests.vcxproj", "{D0665107-B705-47C8-92E5-D32852B1E3CF}"
EndProject
Global
	GlobalSection(SolutionConfigurationPlatforms) = preSolution
		Debug|Win32 = Debug|Win32
		Debug|x64 = Debug|x64
		Release|Win32 = Release|Win32
		Release|x64 = Release|x64
	EndGlobalSection
	GlobalSection(ProjectConfigurationPlatforms) = postSolution
		{E6970FC9-C671-448E-9CB8-3C7C376E06DF}.Debug|Win32.ActiveCfg = Debug|x64
		{E6970FC9-C671-448E-9CB8-3C7C376E06DF}.Debug|Win32.Build.0 = Debug|x64
		{E6970FC9-C671-448E-9CB8-3C7C376E06DF}.Debug|x64.ActiveCfg = Debug|x64
		{E6970FC9-C671-448E-9CB8-3C7C376E06DF}.Debug|x64.Build.0 = Debug|x64
		{E6970FC9-C671-448E-9CB8-3C7C376E06DF}.Release|Win32.ActiveCfg = Release|x64
		{E6970FC9-C671-448E-9CB8-3C7C376E06DF}.Release|Win32.Build.0 = Release|x64
		{E6970FC9-C671-448E-9CB8-3C7C376E06DF}.Release|x64.ActiveCfg = Release|x64
		{E6970FC9-C671-448E-9CB8-3C7C376E06DF}.Release|x64.Build.0 = Release|x64
		{9797E4C7-BE65-40F5-BAFD-911FBAB1273A}.Debug|Win32.ActiveCfg = Debug|x64
		{9797E4C7-BE65-40F5-BAFD-911FBAB1273A}.Debug|Win32.Build.0 = Debug|x64
		{9797E4C7-BE65-40F5-BAFD-911FBAB1273A}.Debug|x64.ActiveCfg = Debug|x64
		{9797E4C7-BE65-40F5-BAFD-911FBAB1273A}.Debug|x64.Build.0 = Debug|x64
		{9797E4C7-BE65-40F5-BAFD-911FBAB1273A}.Release|Win32.ActiveCfg = Release|x64
		{9797E4C7-BE65-40F5-BAFD-911FBAB1273A}.Release|Win32.Build.0 = Release|x64
		{9797E4C7-BE65-40F5-BAFD-911FBAB1273A}.Release|x64.ActiveCfg = Release|x64
		{9797E4C7-BE65-40F5-BAFD-911FBAB1273A}.Release|x64.Build.0 = Release|x64
		{D0665107-B705-47C8-92E5-D32852B1E3CF}.Debug|Win32.ActiveCfg = Debug|Win32
		{D0665107-B705-47C8-92E5-D32852B1E3CF}.Debug|Win32.Build.0 = Debug|Win32
		{D0665107-B705-47C8-92E5-D32852B1E3CF}.Debug|x64.ActiveCfg = Debug|x64
		{D0665107-B705-47C8-92E5-D32852B1E3CF}.Debug|x64.Build.0 = Debug|x64
		{D0665107-B705-47C8-92E5-D32852B1E3CF}.Release|Win32.ActiveCfg = Release|Win32
		{D0665107-B705-47C8-92E5-D32852B1E3CF}.Release|Win32.Build.0 = Release|Win32
		{D0665107-B705-47C8-92E5-D32852B1E3CF}.Release|x64.ActiveCfg = Release|x64
		{D0665107-B705-47C8-92E5-D32852B1E3CF}.Release|x64.Build.0 = Release|x64
	EndGlobalSection
	GlobalSection(SolutionProperties) = preSolution
		HideSolutionNode = FALSE
	EndGlobalSection
EndGlobal
