<?xml version="1.0" encoding="utf-8"?>
<Project ToolsVersion="4.0" xmlns="http://schemas.microsoft.com/developer/msbuild/2003">
  <ItemGroup>
    <Filter Include="Source Files">
      <UniqueIdentifier>{4FC737F1-C7A5-4376-A066-2A32D752A2FF}</UniqueIdentifier>
      <Extensions>cpp;c;cc;cxx;def;odl;idl;hpj;bat;asm;asmx</Extensions>
    </Filter>
    <Filter Include="Header Files">
      <UniqueIdentifier>{93995380-89BD-4b04-88EB-625FBE52EBFB}</UniqueIdentifier>
      <Extensions>h;hh;hpp;hxx;hm;inl;inc;xsd</Extensions>
    </Filter>
    <Filter Include="Resource Files">
      <UniqueIdentifier>{67DA6AB6-F800-4c08-8B7A-83BB121AAD01}</UniqueIdentifier>
      <Extensions>rc;ico;cur;bmp;dlg;rc2;rct;bin;rgs;gif;jpg;jpeg;jpe;resx;tiff;tif;png;wav</Extensions>
    </Filter>
  </ItemGroup>
  <ItemGroup>
    <ClCompile Include="..\bit.c">
      <Filter>Source Files</Filter>
    </ClCompile>
    <ClCompile Include="..\buf_bit.c">
      <Filter>Source Files</Filter>
    </ClCompile>
    <ClCompile Include="..\buf_numerics16.c">
      <Filter>Source Files</Filter>
    </ClCompile>
    <ClCompile Include="..\buf_numerics32.c">
      <Filter>Source Files</Filter>
    </ClCompile>
    <ClCompile Include="..\driver.c">
      <Filter>Source Files</Filter>
    </ClCompile>
    <ClCompile Include="..\ext_arr.c">
      <Filter>Source Files</Filter>
    </ClCompile>
    <ClCompile Include="..\ext_math.c">
      <Filter>Source Files</Filter>
    </ClCompile>
    <ClCompile Include="..\numerics.c">
      <Filter>Source Files</Filter>
    </ClCompile>
    <ClCompile Include="..\params.c">
      <Filter>Source Files</Filter>
    </ClCompile>
    <ClCompile Include="..\sora_ext_lib.c">
      <Filter>Source Files</Filter>
    </ClCompile>
    <ClCompile Include="..\sora_ext_visual.c">
      <Filter>Source Files</Filter>
    </ClCompile>
    <ClCompile Include="..\sora_ext_viterbi.c">
      <Filter>Source Files</Filter>
    </ClCompile>
    <ClCompile Include="..\sora_radio.c">
      <Filter>Source Files</Filter>
    </ClCompile>
    <ClCompile Include="..\sora_thread_queues.c">
      <Filter>Source Files</Filter>
    </ClCompile>
    <ClCompile Include="..\sora_threads.c">
      <Filter>Source Files</Filter>
    </ClCompile>
    <ClCompile Include="..\test.c">
      <Filter>Source Files</Filter>
    </ClCompile>
    <ClCompile Include="..\utils.c">
      <Filter>Source Files</Filter>
    </ClCompile>
    <ClCompile Include="..\wpl_alloc.c">
      <Filter>Source Files</Filter>
    </ClCompile>
    <ClCompile Include="..\sora_ip.c">
      <Filter>Source Files</Filter>
    </ClCompile>
    <ClCompile Include="..\buf_numerics8.c">
      <Filter>Source Files</Filter>
    </ClCompile>
    <ClCompile Include="..\buf_chunk.c">
      <Filter>Source Files</Filter>
    </ClCompile>
    <ClCompile Include="..\bladerf_radio.c">
      <Filter>Source Files</Filter>
    </ClCompile>
  </ItemGroup>
  <ItemGroup>
    <ClInclude Include="..\bit.h">
      <Filter>Header Files</Filter>
    </ClInclude>
    <ClInclude Include="..\buf.h">
      <Filter>Header Files</Filter>
    </ClInclude>
    <ClInclude Include="..\ext_arr.h">
      <Filter>Header Files</Filter>
    </ClInclude>
    <ClInclude Include="..\ext_math.h">
      <Filter>Header Files</Filter>
    </ClInclude>
    <ClInclude Include="..\numerics.h">
      <Filter>Header Files</Filter>
    </ClInclude>
    <ClInclude Include="..\params.h">
      <Filter>Header Files</Filter>
    </ClInclude>
    <ClInclude Include="..\sora_ext_bricks.h">
      <Filter>Header Files</Filter>
    </ClInclude>
    <ClInclude Include="..\sora_ext_visual.h">
      <Filter>Header Files</Filter>
    </ClInclude>
    <ClInclude Include="..\sora_ip.h">
      <Filter>Header Files</Filter>
    </ClInclude>
    <ClInclude Include="..\sora_radio.h">
      <Filter>Header Files</Filter>
    </ClInclude>
    <ClInclude Include="..\sora_thread_queues.h">
      <Filter>Header Files</Filter>
    </ClInclude>
    <ClInclude Include="..\sora_threads.h">
      <Filter>Header Files</Filter>
    </ClInclude>
    <ClInclude Include="..\types.h">
      <Filter>Header Files</Filter>
    </ClInclude>
    <ClInclude Include="..\utils.h">
      <Filter>Header Files</Filter>
    </ClInclude>
    <ClInclude Include="..\wpl_alloc.h">
      <Filter>Header Files</Filter>
    </ClInclude>
    <ClInclude Include="..\sora_ext_lib_fft.h">
      <Filter>Header Files</Filter>
    </ClInclude>
    <ClInclude Include="..\sora_ext_lib_fft_coeffs.h">
      <Filter>Header Files</Filter>
    </ClInclude>
    <ClInclude Include="..\bladerf_radio.h">
      <Filter>Header Files</Filter>
    </ClInclude>
    <ClInclude Include="..\fft_r4difx.h">
      <Filter>Header Files</Filter>
    </ClInclude>
    <ClInclude Include="..\ifft_r4difx.h">
      <Filter>Header Files</Filter>
    </ClInclude>
    <ClInclude Include="..\intalglutx.h">
      <Filter>Header Files</Filter>
    </ClInclude>
    <ClInclude Include="..\intalgx.h">
      <Filter>Header Files</Filter>
    </ClInclude>
  </ItemGroup>
</Project>